// !$*UTF8*$!
{
	archiveVersion = 1;
	classes = {
	};
	objectVersion = 77;
	objects = {

/* Begin PBXContainerItemProxy section */
		4A02CC332D37290F00B8931A /* PBXContainerItemProxy */ = {
			isa = PBXContainerItemProxy;
			containerPortal = 4A02CC1A2D37290E00B8931A /* Project object */;
			proxyType = 1;
			remoteGlobalIDString = 4A02CC212D37290E00B8931A;
			remoteInfo = FetchRecipe;
		};
		4A02CC3D2D37290F00B8931A /* PBXContainerItemProxy */ = {
			isa = PBXContainerItemProxy;
			containerPortal = 4A02CC1A2D37290E00B8931A /* Project object */;
			proxyType = 1;
			remoteGlobalIDString = 4A02CC212D37290E00B8931A;
			remoteInfo = FetchRecipe;
		};
/* End PBXContainerItemProxy section */

/* Begin PBXFileReference section */
		4A02CC222D37290E00B8931A /* FetchRecipe.app */ = {isa = PBXFileReference; explicitFileType = wrapper.application; includeInIndex = 0; path = FetchRecipe.app; sourceTree = BUILT_PRODUCTS_DIR; };
		4A02CC322D37290F00B8931A /* FetchRecipeTests.xctest */ = {isa = PBXFileReference; explicitFileType = wrapper.cfbundle; includeInIndex = 0; path = FetchRecipeTests.xctest; sourceTree = BUILT_PRODUCTS_DIR; };
		4A02CC3C2D37290F00B8931A /* FetchRecipeUITests.xctest */ = {isa = PBXFileReference; explicitFileType = wrapper.cfbundle; includeInIndex = 0; path = FetchRecipeUITests.xctest; sourceTree = BUILT_PRODUCTS_DIR; };
/* End PBXFileReference section */

/* Begin PBXFileSystemSynchronizedRootGroup section */
		4A02CC242D37290E00B8931A /* FetchRecipe */ = {
			isa = PBXFileSystemSynchronizedRootGroup;
			path = FetchRecipe;
			sourceTree = "<group>";
		};
		4A02CC352D37290F00B8931A /* FetchRecipeTests */ = {
			isa = PBXFileSystemSynchronizedRootGroup;
			path = FetchRecipeTests;
			sourceTree = "<group>";
		};
		4A02CC4F2D37297100B8931A /* Models */ = {
			isa = PBXFileSystemSynchronizedRootGroup;
			path = Models;
			sourceTree = "<group>";
		};
		4A02CC602D372C8300B8931A /* ViewModels */ = {
			isa = PBXFileSystemSynchronizedRootGroup;
			path = ViewModels;
			sourceTree = "<group>";
		};
		4A02CC642D37322D00B8931A /* Networking */ = {
			isa = PBXFileSystemSynchronizedRootGroup;
			path = Networking;
			sourceTree = "<group>";
		};
/* End PBXFileSystemSynchronizedRootGroup section */

/* Begin PBXFrameworksBuildPhase section */
		4A02CC1F2D37290E00B8931A /* Frameworks */ = {
			isa = PBXFrameworksBuildPhase;
			buildActionMask = 2147483647;
			files = (
			);
			runOnlyForDeploymentPostprocessing = 0;
		};
		4A02CC2F2D37290F00B8931A /* Frameworks */ = {
			isa = PBXFrameworksBuildPhase;
			buildActionMask = 2147483647;
			files = (
			);
			runOnlyForDeploymentPostprocessing = 0;
		};
		4A02CC392D37290F00B8931A /* Frameworks */ = {
			isa = PBXFrameworksBuildPhase;
			buildActionMask = 2147483647;
			files = (
			);
			runOnlyForDeploymentPostprocessing = 0;
		};
/* End PBXFrameworksBuildPhase section */

/* Begin PBXGroup section */
		4A02CC192D37290E00B8931A = {
			isa = PBXGroup;
			children = (
				4A02CC642D37322D00B8931A /* Networking */,
				4A02CC602D372C8300B8931A /* ViewModels */,
				4A02CC4F2D37297100B8931A /* Models */,
				4A02CC242D37290E00B8931A /* FetchRecipe */,
				4A02CC352D37290F00B8931A /* FetchRecipeTests */,
				4A02CC232D37290E00B8931A /* Products */,
			);
			sourceTree = "<group>";
		};
		4A02CC232D37290E00B8931A /* Products */ = {
			isa = PBXGroup;
			children = (
				4A02CC222D37290E00B8931A /* FetchRecipe.app */,
				4A02CC322D37290F00B8931A /* FetchRecipeTests.xctest */,
				4A02CC3C2D37290F00B8931A /* FetchRecipeUITests.xctest */,
			);
			name = Products;
			sourceTree = "<group>";
		};
/* End PBXGroup section */

/* Begin PBXNativeTarget section */
		4A02CC212D37290E00B8931A /* FetchRecipe */ = {
			isa = PBXNativeTarget;
			buildConfigurationList = 4A02CC462D37290F00B8931A /* Build configuration list for PBXNativeTarget "FetchRecipe" */;
			buildPhases = (
				4A02CC1E2D37290E00B8931A /* Sources */,
				4A02CC1F2D37290E00B8931A /* Frameworks */,
				4A02CC202D37290E00B8931A /* Resources */,
			);
			buildRules = (
			);
			dependencies = (
			);
			fileSystemSynchronizedGroups = (
				4A02CC242D37290E00B8931A /* FetchRecipe */,
				4A02CC4F2D37297100B8931A /* Models */,
				4A02CC602D372C8300B8931A /* ViewModels */,
				4A02CC642D37322D00B8931A /* Networking */,
			);
			name = FetchRecipe;
			packageProductDependencies = (
			);
			productName = FetchRecipe;
			productReference = 4A02CC222D37290E00B8931A /* FetchRecipe.app */;
			productType = "com.apple.product-type.application";
		};
		4A02CC312D37290F00B8931A /* FetchRecipeTests */ = {
			isa = PBXNativeTarget;
			buildConfigurationList = 4A02CC492D37290F00B8931A /* Build configuration list for PBXNativeTarget "FetchRecipeTests" */;
			buildPhases = (
				4A02CC2E2D37290F00B8931A /* Sources */,
				4A02CC2F2D37290F00B8931A /* Frameworks */,
				4A02CC302D37290F00B8931A /* Resources */,
			);
			buildRules = (
			);
			dependencies = (
				4A02CC342D37290F00B8931A /* PBXTargetDependency */,
			);
			fileSystemSynchronizedGroups = (
				4A02CC352D37290F00B8931A /* FetchRecipeTests */,
			);
			name = FetchRecipeTests;
			packageProductDependencies = (
			);
			productName = FetchRecipeTests;
			productReference = 4A02CC322D37290F00B8931A /* FetchRecipeTests.xctest */;
			productType = "com.apple.product-type.bundle.unit-test";
		};
		4A02CC3B2D37290F00B8931A /* FetchRecipeUITests */ = {
			isa = PBXNativeTarget;
			buildConfigurationList = 4A02CC4C2D37290F00B8931A /* Build configuration list for PBXNativeTarget "FetchRecipeUITests" */;
			buildPhases = (
				4A02CC382D37290F00B8931A /* Sources */,
				4A02CC392D37290F00B8931A /* Frameworks */,
				4A02CC3A2D37290F00B8931A /* Resources */,
			);
			buildRules = (
			);
			dependencies = (
				4A02CC3E2D37290F00B8931A /* PBXTargetDependency */,
			);
			name = FetchRecipeUITests;
			packageProductDependencies = (
			);
			productName = FetchRecipeUITests;
			productReference = 4A02CC3C2D37290F00B8931A /* FetchRecipeUITests.xctest */;
			productType = "com.apple.product-type.bundle.ui-testing";
		};
/* End PBXNativeTarget section */

/* Begin PBXProject section */
		4A02CC1A2D37290E00B8931A /* Project object */ = {
			isa = PBXProject;
			attributes = {
				BuildIndependentTargetsInParallel = 1;
				LastSwiftUpdateCheck = 1620;
				LastUpgradeCheck = 1620;
				TargetAttributes = {
					4A02CC212D37290E00B8931A = {
						CreatedOnToolsVersion = 16.2;
					};
					4A02CC312D37290F00B8931A = {
						CreatedOnToolsVersion = 16.2;
						TestTargetID = 4A02CC212D37290E00B8931A;
					};
					4A02CC3B2D37290F00B8931A = {
						CreatedOnToolsVersion = 16.2;
						TestTargetID = 4A02CC212D37290E00B8931A;
					};
				};
			};
			buildConfigurationList = 4A02CC1D2D37290E00B8931A /* Build configuration list for PBXProject "FetchRecipe" */;
			developmentRegion = en;
			hasScannedForEncodings = 0;
			knownRegions = (
				en,
				Base,
			);
			mainGroup = 4A02CC192D37290E00B8931A;
			minimizedProjectReferenceProxies = 1;
			preferredProjectObjectVersion = 77;
			productRefGroup = 4A02CC232D37290E00B8931A /* Products */;
			projectDirPath = "";
			projectRoot = "";
			targets = (
				4A02CC212D37290E00B8931A /* FetchRecipe */,
				4A02CC312D37290F00B8931A /* FetchRecipeTests */,
				4A02CC3B2D37290F00B8931A /* FetchRecipeUITests */,
			);
		};
/* End PBXProject section */

/* Begin PBXResourcesBuildPhase section */
		4A02CC202D37290E00B8931A /* Resources */ = {
			isa = PBXResourcesBuildPhase;
			buildActionMask = 2147483647;
			files = (
			);
			runOnlyForDeploymentPostprocessing = 0;
		};
		4A02CC302D37290F00B8931A /* Resources */ = {
			isa = PBXResourcesBuildPhase;
			buildActionMask = 2147483647;
			files = (
			);
			runOnlyForDeploymentPostprocessing = 0;
		};
		4A02CC3A2D37290F00B8931A /* Resources */ = {
			isa = PBXResourcesBuildPhase;
			buildActionMask = 2147483647;
			files = (
			);
			runOnlyForDeploymentPostprocessing = 0;
		};
/* End PBXResourcesBuildPhase section */

/* Begin PBXSourcesBuildPhase section */
		4A02CC1E2D37290E00B8931A /* Sources */ = {
			isa = PBXSourcesBuildPhase;
			buildActionMask = 2147483647;
			files = (
			);
			runOnlyForDeploymentPostprocessing = 0;
		};
		4A02CC2E2D37290F00B8931A /* Sources */ = {
			isa = PBXSourcesBuildPhase;
			buildActionMask = 2147483647;
			files = (
			);
			runOnlyForDeploymentPostprocessing = 0;
		};
		4A02CC382D37290F00B8931A /* Sources */ = {
			isa = PBXSourcesBuildPhase;
			buildActionMask = 2147483647;
			files = (
			);
			runOnlyForDeploymentPostprocessing = 0;
		};
/* End PBXSourcesBuildPhase section */

/* Begin PBXTargetDependency section */
		4A02CC342D37290F00B8931A /* PBXTargetDependency */ = {
			isa = PBXTargetDependency;
			target = 4A02CC212D37290E00B8931A /* FetchRecipe */;
			targetProxy = 4A02CC332D37290F00B8931A /* PBXContainerItemProxy */;
		};
		4A02CC3E2D37290F00B8931A /* PBXTargetDependency */ = {
			isa = PBXTargetDependency;
			target = 4A02CC212D37290E00B8931A /* FetchRecipe */;
			targetProxy = 4A02CC3D2D37290F00B8931A /* PBXContainerItemProxy */;
		};
/* End PBXTargetDependency section */

/* Begin XCBuildConfiguration section */
		4A02CC442D37290F00B8931A /* Debug */ = {
			isa = XCBuildConfiguration;
			buildSettings = {
				ALWAYS_SEARCH_USER_PATHS = NO;
				ASSETCATALOG_COMPILER_GENERATE_SWIFT_ASSET_SYMBOL_EXTENSIONS = YES;
				CLANG_ANALYZER_NONNULL = YES;
				CLANG_ANALYZER_NUMBER_OBJECT_CONVERSION = YES_AGGRESSIVE;
				CLANG_CXX_LANGUAGE_STANDARD = "gnu++20";
				CLANG_ENABLE_MODULES = YES;
				CLANG_ENABLE_OBJC_ARC = YES;
				CLANG_ENABLE_OBJC_WEAK = YES;
				CLANG_WARN_BLOCK_CAPTURE_AUTORELEASING = YES;
				CLANG_WARN_BOOL_CONVERSION = YES;
				CLANG_WARN_COMMA = YES;
				CLANG_WARN_CONSTANT_CONVERSION = YES;
				CLANG_WARN_DEPRECATED_OBJC_IMPLEMENTATIONS = YES;
				CLANG_WARN_DIRECT_OBJC_ISA_USAGE = YES_ERROR;
				CLANG_WARN_DOCUMENTATION_COMMENTS = YES;
				CLANG_WARN_EMPTY_BODY = YES;
				CLANG_WARN_ENUM_CONVERSION = YES;
				CLANG_WARN_INFINITE_RECURSION = YES;
				CLANG_WARN_INT_CONVERSION = YES;
				CLANG_WARN_NON_LITERAL_NULL_CONVERSION = YES;
				CLANG_WARN_OBJC_IMPLICIT_RETAIN_SELF = YES;
				CLANG_WARN_OBJC_LITERAL_CONVERSION = YES;
				CLANG_WARN_OBJC_ROOT_CLASS = YES_ERROR;
				CLANG_WARN_QUOTED_INCLUDE_IN_FRAMEWORK_HEADER = YES;
				CLANG_WARN_RANGE_LOOP_ANALYSIS = YES;
				CLANG_WARN_STRICT_PROTOTYPES = YES;
				CLANG_WARN_SUSPICIOUS_MOVE = YES;
				CLANG_WARN_UNGUARDED_AVAILABILITY = YES_AGGRESSIVE;
				CLANG_WARN_UNREACHABLE_CODE = YES;
				CLANG_WARN__DUPLICATE_METHOD_MATCH = YES;
				COPY_PHASE_STRIP = NO;
				DEBUG_INFORMATION_FORMAT = dwarf;
				ENABLE_STRICT_OBJC_MSGSEND = YES;
				ENABLE_TESTABILITY = YES;
				ENABLE_USER_SCRIPT_SANDBOXING = YES;
				GCC_C_LANGUAGE_STANDARD = gnu17;
				GCC_DYNAMIC_NO_PIC = NO;
				GCC_NO_COMMON_BLOCKS = YES;
				GCC_OPTIMIZATION_LEVEL = 0;
				GCC_PREPROCESSOR_DEFINITIONS = (
					"DEBUG=1",
					"$(inherited)",
				);
				GCC_WARN_64_TO_32_BIT_CONVERSION = YES;
				GCC_WARN_ABOUT_RETURN_TYPE = YES_ERROR;
				GCC_WARN_UNDECLARED_SELECTOR = YES;
				GCC_WARN_UNINITIALIZED_AUTOS = YES_AGGRESSIVE;
				GCC_WARN_UNUSED_FUNCTION = YES;
				GCC_WARN_UNUSED_VARIABLE = YES;
				IPHONEOS_DEPLOYMENT_TARGET = 18.2;
				LOCALIZATION_PREFERS_STRING_CATALOGS = YES;
				MTL_ENABLE_DEBUG_INFO = INCLUDE_SOURCE;
				MTL_FAST_MATH = YES;
				ONLY_ACTIVE_ARCH = YES;
				SDKROOT = iphoneos;
				SWIFT_ACTIVE_COMPILATION_CONDITIONS = "DEBUG $(inherited)";
				SWIFT_OPTIMIZATION_LEVEL = "-Onone";
			};
			name = Debug;
		};
		4A02CC452D37290F00B8931A /* Release */ = {
			isa = XCBuildConfiguration;
			buildSettings = {
				ALWAYS_SEARCH_USER_PATHS = NO;
				ASSETCATALOG_COMPILER_GENERATE_SWIFT_ASSET_SYMBOL_EXTENSIONS = YES;
				CLANG_ANALYZER_NONNULL = YES;
				CLANG_ANALYZER_NUMBER_OBJECT_CONVERSION = YES_AGGRESSIVE;
				CLANG_CXX_LANGUAGE_STANDARD = "gnu++20";
				CLANG_ENABLE_MODULES = YES;
				CLANG_ENABLE_OBJC_ARC = YES;
				CLANG_ENABLE_OBJC_WEAK = YES;
				CLANG_WARN_BLOCK_CAPTURE_AUTORELEASING = YES;
				CLANG_WARN_BOOL_CONVERSION = YES;
				CLANG_WARN_COMMA = YES;
				CLANG_WARN_CONSTANT_CONVERSION = YES;
				CLANG_WARN_DEPRECATED_OBJC_IMPLEMENTATIONS = YES;
				CLANG_WARN_DIRECT_OBJC_ISA_USAGE = YES_ERROR;
				CLANG_WARN_DOCUMENTATION_COMMENTS = YES;
				CLANG_WARN_EMPTY_BODY = YES;
				CLANG_WARN_ENUM_CONVERSION = YES;
				CLANG_WARN_INFINITE_RECURSION = YES;
				CLANG_WARN_INT_CONVERSION = YES;
				CLANG_WARN_NON_LITERAL_NULL_CONVERSION = YES;
				CLANG_WARN_OBJC_IMPLICIT_RETAIN_SELF = YES;
				CLANG_WARN_OBJC_LITERAL_CONVERSION = YES;
				CLANG_WARN_OBJC_ROOT_CLASS = YES_ERROR;
				CLANG_WARN_QUOTED_INCLUDE_IN_FRAMEWORK_HEADER = YES;
				CLANG_WARN_RANGE_LOOP_ANALYSIS = YES;
				CLANG_WARN_STRICT_PROTOTYPES = YES;
				CLANG_WARN_SUSPICIOUS_MOVE = YES;
				CLANG_WARN_UNGUARDED_AVAILABILITY = YES_AGGRESSIVE;
				CLANG_WARN_UNREACHABLE_CODE = YES;
				CLANG_WARN__DUPLICATE_METHOD_MATCH = YES;
				COPY_PHASE_STRIP = NO;
				DEBUG_INFORMATION_FORMAT = "dwarf-with-dsym";
				ENABLE_NS_ASSERTIONS = NO;
				ENABLE_STRICT_OBJC_MSGSEND = YES;
				ENABLE_USER_SCRIPT_SANDBOXING = YES;
				GCC_C_LANGUAGE_STANDARD = gnu17;
				GCC_NO_COMMON_BLOCKS = YES;
				GCC_WARN_64_TO_32_BIT_CONVERSION = YES;
				GCC_WARN_ABOUT_RETURN_TYPE = YES_ERROR;
				GCC_WARN_UNDECLARED_SELECTOR = YES;
				GCC_WARN_UNINITIALIZED_AUTOS = YES_AGGRESSIVE;
				GCC_WARN_UNUSED_FUNCTION = YES;
				GCC_WARN_UNUSED_VARIABLE = YES;
				IPHONEOS_DEPLOYMENT_TARGET = 18.2;
				LOCALIZATION_PREFERS_STRING_CATALOGS = YES;
				MTL_ENABLE_DEBUG_INFO = NO;
				MTL_FAST_MATH = YES;
				SDKROOT = iphoneos;
				SWIFT_COMPILATION_MODE = wholemodule;
				VALIDATE_PRODUCT = YES;
			};
			name = Release;
		};
		4A02CC472D37290F00B8931A /* Debug */ = {
			isa = XCBuildConfiguration;
			buildSettings = {
				ASSETCATALOG_COMPILER_APPICON_NAME = AppIcon;
				ASSETCATALOG_COMPILER_GLOBAL_ACCENT_COLOR_NAME = AccentColor;
				CODE_SIGN_STYLE = Automatic;
				CURRENT_PROJECT_VERSION = 1;
				DEVELOPMENT_ASSET_PATHS = "\"FetchRecipe/Preview Content\"";
				DEVELOPMENT_TEAM = 6NKMBUP6M9;
				ENABLE_PREVIEWS = YES;
				GENERATE_INFOPLIST_FILE = YES;
				INFOPLIST_KEY_UIApplicationSceneManifest_Generation = YES;
				INFOPLIST_KEY_UIApplicationSupportsIndirectInputEvents = YES;
				INFOPLIST_KEY_UILaunchScreen_Generation = YES;
				INFOPLIST_KEY_UISupportedInterfaceOrientations_iPad = "UIInterfaceOrientationPortrait UIInterfaceOrientationPortraitUpsideDown UIInterfaceOrientationLandscapeLeft UIInterfaceOrientationLandscapeRight";
				INFOPLIST_KEY_UISupportedInterfaceOrientations_iPhone = "UIInterfaceOrientationPortrait UIInterfaceOrientationLandscapeLeft UIInterfaceOrientationLandscapeRight";
				LD_RUNPATH_SEARCH_PATHS = (
					"$(inherited)",
					"@executable_path/Frameworks",
				);
				MARKETING_VERSION = 1.0;
				PRODUCT_BUNDLE_IDENTIFIER = com.tahagabre.FetchRecipe;
				PRODUCT_NAME = "$(TARGET_NAME)";
				SWIFT_EMIT_LOC_STRINGS = YES;
				SWIFT_VERSION = 5.0;
				TARGETED_DEVICE_FAMILY = "1,2";
			};
			name = Debug;
		};
		4A02CC482D37290F00B8931A /* Release */ = {
			isa = XCBuildConfiguration;
			buildSettings = {
				ASSETCATALOG_COMPILER_APPICON_NAME = AppIcon;
				ASSETCATALOG_COMPILER_GLOBAL_ACCENT_COLOR_NAME = AccentColor;
				CODE_SIGN_STYLE = Automatic;
				CURRENT_PROJECT_VERSION = 1;
				DEVELOPMENT_ASSET_PATHS = "\"FetchRecipe/Preview Content\"";
				DEVELOPMENT_TEAM = 6NKMBUP6M9;
				ENABLE_PREVIEWS = YES;
				GENERATE_INFOPLIST_FILE = YES;
				INFOPLIST_KEY_UIApplicationSceneManifest_Generation = YES;
				INFOPLIST_KEY_UIApplicationSupportsIndirectInputEvents = YES;
				INFOPLIST_KEY_UILaunchScreen_Generation = YES;
				INFOPLIST_KEY_UISupportedInterfaceOrientations_iPad = "UIInterfaceOrientationPortrait UIInterfaceOrientationPortraitUpsideDown UIInterfaceOrientationLandscapeLeft UIInterfaceOrientationLandscapeRight";
				INFOPLIST_KEY_UISupportedInterfaceOrientations_iPhone = "UIInterfaceOrientationPortrait UIInterfaceOrientationLandscapeLeft UIInterfaceOrientationLandscapeRight";
				LD_RUNPATH_SEARCH_PATHS = (
					"$(inherited)",
					"@executable_path/Frameworks",
				);
				MARKETING_VERSION = 1.0;
				PRODUCT_BUNDLE_IDENTIFIER = com.tahagabre.FetchRecipe;
				PRODUCT_NAME = "$(TARGET_NAME)";
				SWIFT_EMIT_LOC_STRINGS = YES;
				SWIFT_VERSION = 5.0;
				TARGETED_DEVICE_FAMILY = "1,2";
			};
			name = Release;
		};
		4A02CC4A2D37290F00B8931A /* Debug */ = {
			isa = XCBuildConfiguration;
			buildSettings = {
				BUNDLE_LOADER = "$(TEST_HOST)";
				CODE_SIGN_STYLE = Automatic;
				CURRENT_PROJECT_VERSION = 1;
				DEVELOPMENT_TEAM = 6NKMBUP6M9;
				GENERATE_INFOPLIST_FILE = YES;
				IPHONEOS_DEPLOYMENT_TARGET = 18.2;
				MARKETING_VERSION = 1.0;
				PRODUCT_BUNDLE_IDENTIFIER = com.tahagabre.FetchRecipeTests;
				PRODUCT_NAME = "$(TARGET_NAME)";
				SWIFT_EMIT_LOC_STRINGS = NO;
				SWIFT_VERSION = 5.0;
				TARGETED_DEVICE_FAMILY = "1,2";
				TEST_HOST = "$(BUILT_PRODUCTS_DIR)/FetchRecipe.app/$(BUNDLE_EXECUTABLE_FOLDER_PATH)/FetchRecipe";
			};
			name = Debug;
		};
		4A02CC4B2D37290F00B8931A /* Release */ = {
			isa = XCBuildConfiguration;
			buildSettings = {
				BUNDLE_LOADER = "$(TEST_HOST)";
				CODE_SIGN_STYLE = Automatic;
				CURRENT_PROJECT_VERSION = 1;
				DEVELOPMENT_TEAM = 6NKMBUP6M9;
				GENERATE_INFOPLIST_FILE = YES;
				IPHONEOS_DEPLOYMENT_TARGET = 18.2;
				MARKETING_VERSION = 1.0;
				PRODUCT_BUNDLE_IDENTIFIER = com.tahagabre.FetchRecipeTests;
				PRODUCT_NAME = "$(TARGET_NAME)";
				SWIFT_EMIT_LOC_STRINGS = NO;
				SWIFT_VERSION = 5.0;
				TARGETED_DEVICE_FAMILY = "1,2";
				TEST_HOST = "$(BUILT_PRODUCTS_DIR)/FetchRecipe.app/$(BUNDLE_EXECUTABLE_FOLDER_PATH)/FetchRecipe";
			};
			name = Release;
		};
		4A02CC4D2D37290F00B8931A /* Debug */ = {
			isa = XCBuildConfiguration;
			buildSettings = {
				CODE_SIGN_STYLE = Automatic;
				CURRENT_PROJECT_VERSION = 1;
				DEVELOPMENT_TEAM = 6NKMBUP6M9;
				GENERATE_INFOPLIST_FILE = YES;
				MARKETING_VERSION = 1.0;
				PRODUCT_BUNDLE_IDENTIFIER = com.tahagabre.FetchRecipeUITests;
				PRODUCT_NAME = "$(TARGET_NAME)";
				SWIFT_EMIT_LOC_STRINGS = NO;
				SWIFT_VERSION = 5.0;
				TARGETED_DEVICE_FAMILY = "1,2";
				TEST_TARGET_NAME = FetchRecipe;
			};
			name = Debug;
		};
		4A02CC4E2D37290F00B8931A /* Release */ = {
			isa = XCBuildConfiguration;
			buildSettings = {
				CODE_SIGN_STYLE = Automatic;
				CURRENT_PROJECT_VERSION = 1;
				DEVELOPMENT_TEAM = 6NKMBUP6M9;
				GENERATE_INFOPLIST_FILE = YES;
				MARKETING_VERSION = 1.0;
				PRODUCT_BUNDLE_IDENTIFIER = com.tahagabre.FetchRecipeUITests;
				PRODUCT_NAME = "$(TARGET_NAME)";
				SWIFT_EMIT_LOC_STRINGS = NO;
				SWIFT_VERSION = 5.0;
				TARGETED_DEVICE_FAMILY = "1,2";
				TEST_TARGET_NAME = FetchRecipe;
			};
			name = Release;
		};
/* End XCBuildConfiguration section */

/* Begin XCConfigurationList section */
		4A02CC1D2D37290E00B8931A /* Build configuration list for PBXProject "FetchRecipe" */ = {
			isa = XCConfigurationList;
			buildConfigurations = (
				4A02CC442D37290F00B8931A /* Debug */,
				4A02CC452D37290F00B8931A /* Release */,
			);
			defaultConfigurationIsVisible = 0;
			defaultConfigurationName = Release;
		};
		4A02CC462D37290F00B8931A /* Build configuration list for PBXNativeTarget "FetchRecipe" */ = {
			isa = XCConfigurationList;
			buildConfigurations = (
				4A02CC472D37290F00B8931A /* Debug */,
				4A02CC482D37290F00B8931A /* Release */,
			);
			defaultConfigurationIsVisible = 0;
			defaultConfigurationName = Release;
		};
		4A02CC492D37290F00B8931A /* Build configuration list for PBXNativeTarget "FetchRecipeTests" */ = {
			isa = XCConfigurationList;
			buildConfigurations = (
				4A02CC4A2D37290F00B8931A /* Debug */,
				4A02CC4B2D37290F00B8931A /* Release */,
			);
			defaultConfigurationIsVisible = 0;
			defaultConfigurationName = Release;
		};
		4A02CC4C2D37290F00B8931A /* Build configuration list for PBXNativeTarget "FetchRecipeUITests" */ = {
			isa = XCConfigurationList;
			buildConfigurations = (
				4A02CC4D2D37290F00B8931A /* Debug */,
				4A02CC4E2D37290F00B8931A /* Release */,
			);
			defaultConfigurationIsVisible = 0;
			defaultConfigurationName = Release;
		};
/* End XCConfigurationList section */
	};
	rootObject = 4A02CC1A2D37290E00B8931A /* Project object */;
}
